
Microsoft Visual Studio Solution File, Format Version 12.00
# Visual Studio Version 17
VisualStudioVersion = 17.1.32228.430
MinimumVisualStudioVersion = 10.0.40219.1
Project("{FAE04EC0-301F-11D3-BF4B-00C04F79EFBC}") = "ProejctMixUI", "ProejctMixUI\ProejctMixUI.csproj", "{6FF8098E-4AC9-4F0F-B6C4-ED3AA0AB9092}"
EndProject
Global
	GlobalSection(SolutionConfigurationPlatforms) = preSolution
		Debug|Any CPU = Debug|Any CPU
		Release|Any CPU = Release|Any CPU
	EndGlobalSection
	GlobalSection(ProjectConfigurationPlatforms) = postSolution
		{6FF8098E-4AC9-4F0F-B6C4-ED3AA0AB9092}.Debug|Any CPU.ActiveCfg = Debug|Any CPU
		{6FF8098E-4AC9-4F0F-B6C4-ED3AA0AB9092}.Debug|Any CPU.Build.0 = Debug|Any CPU
		{6FF8098E-4AC9-4F0F-B6C4-ED3AA0AB9092}.Release|Any CPU.ActiveCfg = Release|Any CPU
		{6FF8098E-4AC9-4F0F-B6C4-ED3AA0AB9092}.Release|Any CPU.Build.0 = Release|Any CPU
	EndGlobalSection
	GlobalSection(SolutionProperties) = preSolution
		HideSolutionNode = FALSE
	EndGlobalSection
	GlobalSection(ExtensibilityGlobals) = postSolution
		SolutionGuid = {0EEF7DD1-AAC7-4654-A9DB-DBE099BF57B0}
	EndGlobalSection
EndGlobal
